{
  "name": "algolia",
  "version": "1.0.0",
  "lockfileVersion": 2,
  "requires": true,
  "packages": {
    "": {
      "name": "algolia",
      "version": "1.0.0",
      "license": "ISC",
      "dependencies": {
        "algoliasearch": "^4.13.0",
        "csvtojson": "^2.0.10"
      }
    },
    "node_modules/@algolia/cache-browser-local-storage": {
      "version": "4.13.0",
      "resolved": "https://registry.npmjs.org/@algolia/cache-browser-local-storage/-/cache-browser-local-storage-4.13.0.tgz",
      "integrity": "sha512-nj1vHRZauTqP/bluwkRIgEADEimqojJgoTRCel5f6q8WCa9Y8QeI4bpDQP28FoeKnDRYa3J5CauDlN466jqRhg==",
      "dependencies": {
        "@algolia/cache-common": "4.13.0"
      }
    },
    "node_modules/@algolia/cache-common": {
      "version": "4.13.0",
      "resolved": "https://registry.npmjs.org/@algolia/cache-common/-/cache-common-4.13.0.tgz",
      "integrity": "sha512-f9mdZjskCui/dA/fA/5a+6hZ7xnHaaZI5tM/Rw9X8rRB39SUlF/+o3P47onZ33n/AwkpSbi5QOyhs16wHd55kA=="
    },
    "node_modules/@algolia/cache-in-memory": {
      "version": "4.13.0",
      "resolved": "https://registry.npmjs.org/@algolia/cache-in-memory/-/cache-in-memory-4.13.0.tgz",
      "integrity": "sha512-hHdc+ahPiMM92CQMljmObE75laYzNFYLrNOu0Q3/eyvubZZRtY2SUsEEgyUEyzXruNdzrkcDxFYa7YpWBJYHAg==",
      "dependencies": {
        "@algolia/cache-common": "4.13.0"
      }
    },
    "node_modules/@algolia/client-account": {
      "version": "4.13.0",
      "resolved": "https://registry.npmjs.org/@algolia/client-account/-/client-account-4.13.0.tgz",
      "integrity": "sha512-FzFqFt9b0g/LKszBDoEsW+dVBuUe1K3scp2Yf7q6pgHWM1WqyqUlARwVpLxqyc+LoyJkTxQftOKjyFUqddnPKA==",
      "dependencies": {
        "@algolia/client-common": "4.13.0",
        "@algolia/client-search": "4.13.0",
        "@algolia/transporter": "4.13.0"
      }
    },
    "node_modules/@algolia/client-analytics": {
      "version": "4.13.0",
      "resolved": "https://registry.npmjs.org/@algolia/client-analytics/-/client-analytics-4.13.0.tgz",
      "integrity": "sha512-klmnoq2FIiiMHImkzOm+cGxqRLLu9CMHqFhbgSy9wtXZrqb8BBUIUE2VyBe7azzv1wKcxZV2RUyNOMpFqmnRZA==",
      "dependencies": {
        "@algolia/client-common": "4.13.0",
        "@algolia/client-search": "4.13.0",
        "@algolia/requester-common": "4.13.0",
        "@algolia/transporter": "4.13.0"
      }
    },
    "node_modules/@algolia/client-common": {
      "version": "4.13.0",
      "resolved": "https://registry.npmjs.org/@algolia/client-common/-/client-common-4.13.0.tgz",
      "integrity": "sha512-GoXfTp0kVcbgfSXOjfrxx+slSipMqGO9WnNWgeMmru5Ra09MDjrcdunsiiuzF0wua6INbIpBQFTC2Mi5lUNqGA==",
      "dependencies": {
        "@algolia/requester-common": "4.13.0",
        "@algolia/transporter": "4.13.0"
      }
    },
    "node_modules/@algolia/client-personalization": {
      "version": "4.13.0",
      "resolved": "https://registry.npmjs.org/@algolia/client-personalization/-/client-personalization-4.13.0.tgz",
      "integrity": "sha512-KneLz2WaehJmNfdr5yt2HQETpLaCYagRdWwIwkTqRVFCv4DxRQ2ChPVW9jeTj4YfAAhfzE6F8hn7wkQ/Jfj6ZA==",
      "dependencies": {
        "@algolia/client-common": "4.13.0",
        "@algolia/requester-common": "4.13.0",
        "@algolia/transporter": "4.13.0"
      }
    },
    "node_modules/@algolia/client-search": {
      "version": "4.13.0",
      "resolved": "https://registry.npmjs.org/@algolia/client-search/-/client-search-4.13.0.tgz",
      "integrity": "sha512-blgCKYbZh1NgJWzeGf+caKE32mo3j54NprOf0LZVCubQb3Kx37tk1Hc8SDs9bCAE8hUvf3cazMPIg7wscSxspA==",
      "dependencies": {
        "@algolia/client-common": "4.13.0",
        "@algolia/requester-common": "4.13.0",
        "@algolia/transporter": "4.13.0"
      }
    },
    "node_modules/@algolia/logger-common": {
      "version": "4.13.0",
      "resolved": "https://registry.npmjs.org/@algolia/logger-common/-/logger-common-4.13.0.tgz",
      "integrity": "sha512-8yqXk7rMtmQJ9wZiHOt/6d4/JDEg5VCk83gJ39I+X/pwUPzIsbKy9QiK4uJ3aJELKyoIiDT1hpYVt+5ia+94IA=="
    },
    "node_modules/@algolia/logger-console": {
      "version": "4.13.0",
      "resolved": "https://registry.npmjs.org/@algolia/logger-console/-/logger-console-4.13.0.tgz",
      "integrity": "sha512-YepRg7w2/87L0vSXRfMND6VJ5d6699sFJBRWzZPOlek2p5fLxxK7O0VncYuc/IbVHEgeApvgXx0WgCEa38GVuQ==",
      "dependencies": {
        "@algolia/logger-common": "4.13.0"
      }
    },
    "node_modules/@algolia/requester-browser-xhr": {
      "version": "4.13.0",
      "resolved": "https://registry.npmjs.org/@algolia/requester-browser-xhr/-/requester-browser-xhr-4.13.0.tgz",
      "integrity": "sha512-Dj+bnoWR5MotrnjblzGKZ2kCdQi2cK/VzPURPnE616NU/il7Ypy6U6DLGZ/ZYz+tnwPa0yypNf21uqt84fOgrg==",
      "dependencies": {
        "@algolia/requester-common": "4.13.0"
      }
    },
    "node_modules/@algolia/requester-common": {
      "version": "4.13.0",
      "resolved": "https://registry.npmjs.org/@algolia/requester-common/-/requester-common-4.13.0.tgz",
      "integrity": "sha512-BRTDj53ecK+gn7ugukDWOOcBRul59C4NblCHqj4Zm5msd5UnHFjd/sGX+RLOEoFMhetILAnmg6wMrRrQVac9vw=="
    },
    "node_modules/@algolia/requester-node-http": {
      "version": "4.13.0",
      "resolved": "https://registry.npmjs.org/@algolia/requester-node-http/-/requester-node-http-4.13.0.tgz",
      "integrity": "sha512-9b+3O4QFU4azLhGMrZAr/uZPydvzOR4aEZfSL8ZrpLZ7fbbqTO0S/5EVko+QIgglRAtVwxvf8UJ1wzTD2jvKxQ==",
      "dependencies": {
        "@algolia/requester-common": "4.13.0"
      }
    },
    "node_modules/@algolia/transporter": {
      "version": "4.13.0",
      "resolved": "https://registry.npmjs.org/@algolia/transporter/-/transporter-4.13.0.tgz",
      "integrity": "sha512-8tSQYE+ykQENAdeZdofvtkOr5uJ9VcQSWgRhQ9h01AehtBIPAczk/b2CLrMsw5yQZziLs5cZ3pJ3478yI+urhA==",
      "dependencies": {
        "@algolia/cache-common": "4.13.0",
        "@algolia/logger-common": "4.13.0",
        "@algolia/requester-common": "4.13.0"
      }
    },
    "node_modules/algoliasearch": {
      "version": "4.13.0",
      "resolved": "https://registry.npmjs.org/algoliasearch/-/algoliasearch-4.13.0.tgz",
      "integrity": "sha512-oHv4faI1Vl2s+YC0YquwkK/TsaJs79g2JFg5FDm2rKN12VItPTAeQ7hyJMHarOPPYuCnNC5kixbtcqvb21wchw==",
      "dependencies": {
        "@algolia/cache-browser-local-storage": "4.13.0",
        "@algolia/cache-common": "4.13.0",
        "@algolia/cache-in-memory": "4.13.0",
        "@algolia/client-account": "4.13.0",
        "@algolia/client-analytics": "4.13.0",
        "@algolia/client-common": "4.13.0",
        "@algolia/client-personalization": "4.13.0",
        "@algolia/client-search": "4.13.0",
        "@algolia/logger-common": "4.13.0",
        "@algolia/logger-console": "4.13.0",
        "@algolia/requester-browser-xhr": "4.13.0",
        "@algolia/requester-common": "4.13.0",
        "@algolia/requester-node-http": "4.13.0",
        "@algolia/transporter": "4.13.0"
      }
    },
    "node_modules/bluebird": {
      "version": "3.7.2",
      "resolved": "https://registry.npmjs.org/bluebird/-/bluebird-3.7.2.tgz",
      "integrity": "sha512-XpNj6GDQzdfW+r2Wnn7xiSAd7TM3jzkxGXBGTtWKuSXv1xUV+azxAm8jdWZN06QTQk+2N2XB9jRDkvbmQmcRtg=="
    },
    "node_modules/csvtojson": {
      "version": "2.0.10",
      "resolved": "https://registry.npmjs.org/csvtojson/-/csvtojson-2.0.10.tgz",
      "integrity": "sha512-lUWFxGKyhraKCW8Qghz6Z0f2l/PqB1W3AO0HKJzGIQ5JRSlR651ekJDiGJbBT4sRNNv5ddnSGVEnsxP9XRCVpQ==",
      "dependencies": {
        "bluebird": "^3.5.1",
        "lodash": "^4.17.3",
        "strip-bom": "^2.0.0"
      },
      "bin": {
        "csvtojson": "bin/csvtojson"
      },
      "engines": {
        "node": ">=4.0.0"
      }
    },
    "node_modules/is-utf8": {
      "version": "0.2.1",
      "resolved": "https://registry.npmjs.org/is-utf8/-/is-utf8-0.2.1.tgz",
      "integrity": "sha1-Sw2hRCEE0bM2NA6AeX6GXPOffXI="
    },
    "node_modules/lodash": {
      "version": "4.17.21",
      "resolved": "https://registry.npmjs.org/lodash/-/lodash-4.17.21.tgz",
      "integrity": "sha512-v2kDEe57lecTulaDIuNTPy3Ry4gLGJ6Z1O3vE1krgXZNrsQ+LFTGHVxVjcXPs17LhbZVGedAJv8XZ1tvj5FvSg=="
    },
    "node_modules/strip-bom": {
      "version": "2.0.0",
      "resolved": "https://registry.npmjs.org/strip-bom/-/strip-bom-2.0.0.tgz",
      "integrity": "sha1-YhmoVhZSBJHzV4i9vxRHqZx+aw4=",
      "dependencies": {
        "is-utf8": "^0.2.0"
      },
      "engines": {
        "node": ">=0.10.0"
      }
    }
  },
  "dependencies": {
    "@algolia/cache-browser-local-storage": {
      "version": "4.13.0",
      "resolved": "https://registry.npmjs.org/@algolia/cache-browser-local-storage/-/cache-browser-local-storage-4.13.0.tgz",
      "integrity": "sha512-nj1vHRZauTqP/bluwkRIgEADEimqojJgoTRCel5f6q8WCa9Y8QeI4bpDQP28FoeKnDRYa3J5CauDlN466jqRhg==",
      "requires": {
        "@algolia/cache-common": "4.13.0"
      }
    },
    "@algolia/cache-common": {
      "version": "4.13.0",
      "resolved": "https://registry.npmjs.org/@algolia/cache-common/-/cache-common-4.13.0.tgz",
      "integrity": "sha512-f9mdZjskCui/dA/fA/5a+6hZ7xnHaaZI5tM/Rw9X8rRB39SUlF/+o3P47onZ33n/AwkpSbi5QOyhs16wHd55kA=="
    },
    "@algolia/cache-in-memory": {
      "version": "4.13.0",
      "resolved": "https://registry.npmjs.org/@algolia/cache-in-memory/-/cache-in-memory-4.13.0.tgz",
      "integrity": "sha512-hHdc+ahPiMM92CQMljmObE75laYzNFYLrNOu0Q3/eyvubZZRtY2SUsEEgyUEyzXruNdzrkcDxFYa7YpWBJYHAg==",
      "requires": {
        "@algolia/cache-common": "4.13.0"
      }
    },
    "@algolia/client-account": {
      "version": "4.13.0",
      "resolved": "https://registry.npmjs.org/@algolia/client-account/-/client-account-4.13.0.tgz",
      "integrity": "sha512-FzFqFt9b0g/LKszBDoEsW+dVBuUe1K3scp2Yf7q6pgHWM1WqyqUlARwVpLxqyc+LoyJkTxQftOKjyFUqddnPKA==",
      "requires": {
        "@algolia/client-common": "4.13.0",
        "@algolia/client-search": "4.13.0",
        "@algolia/transporter": "4.13.0"
      }
    },
    "@algolia/client-analytics": {
      "version": "4.13.0",
      "resolved": "https://registry.npmjs.org/@algolia/client-analytics/-/client-analytics-4.13.0.tgz",
      "integrity": "sha512-klmnoq2FIiiMHImkzOm+cGxqRLLu9CMHqFhbgSy9wtXZrqb8BBUIUE2VyBe7azzv1wKcxZV2RUyNOMpFqmnRZA==",
      "requires": {
        "@algolia/client-common": "4.13.0",
        "@algolia/client-search": "4.13.0",
        "@algolia/requester-common": "4.13.0",
        "@algolia/transporter": "4.13.0"
      }
    },
    "@algolia/client-common": {
      "version": "4.13.0",
      "resolved": "https://registry.npmjs.org/@algolia/client-common/-/client-common-4.13.0.tgz",
      "integrity": "sha512-GoXfTp0kVcbgfSXOjfrxx+slSipMqGO9WnNWgeMmru5Ra09MDjrcdunsiiuzF0wua6INbIpBQFTC2Mi5lUNqGA==",
      "requires": {
        "@algolia/requester-common": "4.13.0",
        "@algolia/transporter": "4.13.0"
      }
    },
    "@algolia/client-personalization": {
      "version": "4.13.0",
      "resolved": "https://registry.npmjs.org/@algolia/client-personalization/-/client-personalization-4.13.0.tgz",
      "integrity": "sha512-KneLz2WaehJmNfdr5yt2HQETpLaCYagRdWwIwkTqRVFCv4DxRQ2ChPVW9jeTj4YfAAhfzE6F8hn7wkQ/Jfj6ZA==",
      "requires": {
        "@algolia/client-common": "4.13.0",
        "@algolia/requester-common": "4.13.0",
        "@algolia/transporter": "4.13.0"
      }
    },
    "@algolia/client-search": {
      "version": "4.13.0",
      "resolved": "https://registry.npmjs.org/@algolia/client-search/-/client-search-4.13.0.tgz",
      "integrity": "sha512-blgCKYbZh1NgJWzeGf+caKE32mo3j54NprOf0LZVCubQb3Kx37tk1Hc8SDs9bCAE8hUvf3cazMPIg7wscSxspA==",
      "requires": {
        "@algolia/client-common": "4.13.0",
        "@algolia/requester-common": "4.13.0",
        "@algolia/transporter": "4.13.0"
      }
    },
    "@algolia/logger-common": {
      "version": "4.13.0",
      "resolved": "https://registry.npmjs.org/@algolia/logger-common/-/logger-common-4.13.0.tgz",
      "integrity": "sha512-8yqXk7rMtmQJ9wZiHOt/6d4/JDEg5VCk83gJ39I+X/pwUPzIsbKy9QiK4uJ3aJELKyoIiDT1hpYVt+5ia+94IA=="
    },
    "@algolia/logger-console": {
      "version": "4.13.0",
      "resolved": "https://registry.npmjs.org/@algolia/logger-console/-/logger-console-4.13.0.tgz",
      "integrity": "sha512-YepRg7w2/87L0vSXRfMND6VJ5d6699sFJBRWzZPOlek2p5fLxxK7O0VncYuc/IbVHEgeApvgXx0WgCEa38GVuQ==",
      "requires": {
        "@algolia/logger-common": "4.13.0"
      }
    },
    "@algolia/requester-browser-xhr": {
      "version": "4.13.0",
      "resolved": "https://registry.npmjs.org/@algolia/requester-browser-xhr/-/requester-browser-xhr-4.13.0.tgz",
      "integrity": "sha512-Dj+bnoWR5MotrnjblzGKZ2kCdQi2cK/VzPURPnE616NU/il7Ypy6U6DLGZ/ZYz+tnwPa0yypNf21uqt84fOgrg==",
      "requires": {
        "@algolia/requester-common": "4.13.0"
      }
    },
    "@algolia/requester-common": {
      "version": "4.13.0",
      "resolved": "https://registry.npmjs.org/@algolia/requester-common/-/requester-common-4.13.0.tgz",
      "integrity": "sha512-BRTDj53ecK+gn7ugukDWOOcBRul59C4NblCHqj4Zm5msd5UnHFjd/sGX+RLOEoFMhetILAnmg6wMrRrQVac9vw=="
    },
    "@algolia/requester-node-http": {
      "version": "4.13.0",
      "resolved": "https://registry.npmjs.org/@algolia/requester-node-http/-/requester-node-http-4.13.0.tgz",
      "integrity": "sha512-9b+3O4QFU4azLhGMrZAr/uZPydvzOR4aEZfSL8ZrpLZ7fbbqTO0S/5EVko+QIgglRAtVwxvf8UJ1wzTD2jvKxQ==",
      "requires": {
        "@algolia/requester-common": "4.13.0"
      }
    },
    "@algolia/transporter": {
      "version": "4.13.0",
      "resolved": "https://registry.npmjs.org/@algolia/transporter/-/transporter-4.13.0.tgz",
      "integrity": "sha512-8tSQYE+ykQENAdeZdofvtkOr5uJ9VcQSWgRhQ9h01AehtBIPAczk/b2CLrMsw5yQZziLs5cZ3pJ3478yI+urhA==",
      "requires": {
        "@algolia/cache-common": "4.13.0",
        "@algolia/logger-common": "4.13.0",
        "@algolia/requester-common": "4.13.0"
      }
    },
    "algoliasearch": {
      "version": "4.13.0",
      "resolved": "https://registry.npmjs.org/algoliasearch/-/algoliasearch-4.13.0.tgz",
      "integrity": "sha512-oHv4faI1Vl2s+YC0YquwkK/TsaJs79g2JFg5FDm2rKN12VItPTAeQ7hyJMHarOPPYuCnNC5kixbtcqvb21wchw==",
      "requires": {
        "@algolia/cache-browser-local-storage": "4.13.0",
        "@algolia/cache-common": "4.13.0",
        "@algolia/cache-in-memory": "4.13.0",
        "@algolia/client-account": "4.13.0",
        "@algolia/client-analytics": "4.13.0",
        "@algolia/client-common": "4.13.0",
        "@algolia/client-personalization": "4.13.0",
        "@algolia/client-search": "4.13.0",
        "@algolia/logger-common": "4.13.0",
        "@algolia/logger-console": "4.13.0",
        "@algolia/requester-browser-xhr": "4.13.0",
        "@algolia/requester-common": "4.13.0",
        "@algolia/requester-node-http": "4.13.0",
        "@algolia/transporter": "4.13.0"
      }
    },
    "bluebird": {
      "version": "3.7.2",
      "resolved": "https://registry.npmjs.org/bluebird/-/bluebird-3.7.2.tgz",
      "integrity": "sha512-XpNj6GDQzdfW+r2Wnn7xiSAd7TM3jzkxGXBGTtWKuSXv1xUV+azxAm8jdWZN06QTQk+2N2XB9jRDkvbmQmcRtg=="
    },
    "csvtojson": {
      "version": "2.0.10",
      "resolved": "https://registry.npmjs.org/csvtojson/-/csvtojson-2.0.10.tgz",
      "integrity": "sha512-lUWFxGKyhraKCW8Qghz6Z0f2l/PqB1W3AO0HKJzGIQ5JRSlR651ekJDiGJbBT4sRNNv5ddnSGVEnsxP9XRCVpQ==",
      "requires": {
        "bluebird": "^3.5.1",
        "lodash": "^4.17.3",
        "strip-bom": "^2.0.0"
      }
    },
    "is-utf8": {
      "version": "0.2.1",
      "resolved": "https://registry.npmjs.org/is-utf8/-/is-utf8-0.2.1.tgz",
      "integrity": "sha1-Sw2hRCEE0bM2NA6AeX6GXPOffXI="
    },
    "lodash": {
      "version": "4.17.21",
      "resolved": "https://registry.npmjs.org/lodash/-/lodash-4.17.21.tgz",
      "integrity": "sha512-v2kDEe57lecTulaDIuNTPy3Ry4gLGJ6Z1O3vE1krgXZNrsQ+LFTGHVxVjcXPs17LhbZVGedAJv8XZ1tvj5FvSg=="
    },
    "strip-bom": {
      "version": "2.0.0",
      "resolved": "https://registry.npmjs.org/strip-bom/-/strip-bom-2.0.0.tgz",
      "integrity": "sha1-YhmoVhZSBJHzV4i9vxRHqZx+aw4=",
      "requires": {
        "is-utf8": "^0.2.0"
      }
    }
  }
}
